{
  "name": "siyayo-academy",
  "lockfileVersion": 3,
  "requires": true,
  "packages": {
    "": {
      "name": "siyayo-academy",
      "dependencies": {
        "@cloudflare/pages-plugin-cloudflare-access": "^1.0.0"
      }
    },
    "node_modules/@cloudflare/pages-plugin-cloudflare-access": {
      "version": "1.0.5",
      "resolved": "https://registry.npmjs.org/@cloudflare/pages-plugin-cloudflare-access/-/pages-plugin-cloudflare-access-1.0.5.tgz",
      "integrity": "sha512-EGVSaUoFLxKfds2tgLWGzIk/xXLO2RqwZDUKsH/olXdNOckOMr4ShR8Pt1AJpZrakCDNiDVXmfLDJYTufxuQRw==",
      "license": "MIT"
    }
  }
}
